// !$*UTF8*$!
{
	archiveVersion = 1;
	classes = {
	};
	objectVersion = 46;
	objects = {

/* Begin PBXBuildFile section */
		04D5010A1B9268D10087BAFA /* main.m in Sources */ = {isa = PBXBuildFile; fileRef = 04D501091B9268D10087BAFA /* main.m */; };
		04D5010D1B9268D10087BAFA /* AppDelegate.m in Sources */ = {isa = PBXBuildFile; fileRef = 04D5010C1B9268D10087BAFA /* AppDelegate.m */; };
		04D501101B9268D10087BAFA /* RootViewController.m in Sources */ = {isa = PBXBuildFile; fileRef = 04D5010F1B9268D10087BAFA /* RootViewController.m */; };
		04D501131B9268D10087BAFA /* DataViewController.m in Sources */ = {isa = PBXBuildFile; fileRef = 04D501121B9268D10087BAFA /* DataViewController.m */; };
		04D501161B9268D10087BAFA /* ModelController.m in Sources */ = {isa = PBXBuildFile; fileRef = 04D501151B9268D10087BAFA /* ModelController.m */; };
		04D501191B9268D10087BAFA /* Main.storyboard in Resources */ = {isa = PBXBuildFile; fileRef = 04D501171B9268D10087BAFA /* Main.storyboard */; };
		04D5011B1B9268D10087BAFA /* Images.xcassets in Resources */ = {isa = PBXBuildFile; fileRef = 04D5011A1B9268D10087BAFA /* Images.xcassets */; };
		04D5011E1B9268D10087BAFA /* LaunchScreen.xib in Resources */ = {isa = PBXBuildFile; fileRef = 04D5011C1B9268D10087BAFA /* LaunchScreen.xib */; };
		04D5012A1B9268D10087BAFA /* testingTests.m in Sources */ = {isa = PBXBuildFile; fileRef = 04D501291B9268D10087BAFA /* testingTests.m */; };
/* End PBXBuildFile section */

/* Begin PBXContainerItemProxy section */
		04D501241B9268D10087BAFA /* PBXContainerItemProxy */ = {
			isa = PBXContainerItemProxy;
			containerPortal = 04D500FC1B9268D10087BAFA /* Project object */;
			proxyType = 1;
			remoteGlobalIDString = 04D501031B9268D10087BAFA;
			remoteInfo = testing;
		};
/* End PBXContainerItemProxy section */

/* Begin PBXFileReference section */
		04D501041B9268D10087BAFA /* testing.app */ = {isa = PBXFileReference; explicitFileType = wrapper.application; includeInIndex = 0; path = testing.app; sourceTree = BUILT_PRODUCTS_DIR; };
		04D501081B9268D10087BAFA /* Info.plist */ = {isa = PBXFileReference; lastKnownFileType = text.plist.xml; path = Info.plist; sourceTree = "<group>"; };
		04D501091B9268D10087BAFA /* main.m */ = {isa = PBXFileReference; lastKnownFileType = sourcecode.c.objc; path = main.m; sourceTree = "<group>"; };
		04D5010B1B9268D10087BAFA /* AppDelegate.h */ = {isa = PBXFileReference; lastKnownFileType = sourcecode.c.h; path = AppDelegate.h; sourceTree = "<group>"; };
		04D5010C1B9268D10087BAFA /* AppDelegate.m */ = {isa = PBXFileReference; lastKnownFileType = sourcecode.c.objc; path = AppDelegate.m; sourceTree = "<group>"; };
		04D5010E1B9268D10087BAFA /* RootViewController.h */ = {isa = PBXFileReference; lastKnownFileType = sourcecode.c.h; path = RootViewController.h; sourceTree = "<group>"; };
		04D5010F1B9268D10087BAFA /* RootViewController.m */ = {isa = PBXFileReference; lastKnownFileType = sourcecode.c.objc; path = RootViewController.m; sourceTree = "<group>"; };
		04D501111B9268D10087BAFA /* DataViewController.h */ = {isa = PBXFileReference; lastKnownFileType = sourcecode.c.h; path = DataViewController.h; sourceTree = "<group>"; };
		04D501121B9268D10087BAFA /* DataViewController.m */ = {isa = PBXFileReference; lastKnownFileType = sourcecode.c.objc; path = DataViewController.m; sourceTree = "<group>"; };
		04D501141B9268D10087BAFA /* ModelController.h */ = {isa = PBXFileReference; lastKnownFileType = sourcecode.c.h; path = ModelController.h; sourceTree = "<group>"; };
		04D501151B9268D10087BAFA /* ModelController.m */ = {isa = PBXFileReference; lastKnownFileType = sourcecode.c.objc; path = ModelController.m; sourceTree = "<group>"; };
		04D501181B9268D10087BAFA /* Base */ = {isa = PBXFileReference; lastKnownFileType = file.storyboard; name = Base; path = Base.lproj/Main.storyboard; sourceTree = "<group>"; };
		04D5011A1B9268D10087BAFA /* Images.xcassets */ = {isa = PBXFileReference; lastKnownFileType = folder.assetcatalog; path = Images.xcassets; sourceTree = "<group>"; };
		04D5011D1B9268D10087BAFA /* Base */ = {isa = PBXFileReference; lastKnownFileType = file.xib; name = Base; path = Base.lproj/LaunchScreen.xib; sourceTree = "<group>"; };
		04D501231B9268D10087BAFA /* testingTests.xctest */ = {isa = PBXFileReference; explicitFileType = wrapper.cfbundle; includeInIndex = 0; path = testingTests.xctest; sourceTree = BUILT_PRODUCTS_DIR; };
		04D501281B9268D10087BAFA /* Info.plist */ = {isa = PBXFileReference; lastKnownFileType = text.plist.xml; path = Info.plist; sourceTree = "<group>"; };
		04D501291B9268D10087BAFA /* testingTests.m */ = {isa = PBXFileReference; lastKnownFileType = sourcecode.c.objc; path = testingTests.m; sourceTree = "<group>"; };
/* End PBXFileReference section */

/* Begin PBXFrameworksBuildPhase section */
		04D501011B9268D10087BAFA /* Frameworks */ = {
			isa = PBXFrameworksBuildPhase;
			buildActionMask = 2147483647;
			files = (
			);
			runOnlyForDeploymentPostprocessing = 0;
		};
		04D501201B9268D10087BAFA /* Frameworks */ = {
			isa = PBXFrameworksBuildPhase;
			buildActionMask = 2147483647;
			files = (
			);
			runOnlyForDeploymentPostprocessing = 0;
		};
/* End PBXFrameworksBuildPhase section */

/* Begin PBXGroup section */
		04D500FB1B9268D10087BAFA = {
			isa = PBXGroup;
			children = (
				04D501061B9268D10087BAFA /* testing */,
				04D501261B9268D10087BAFA /* testingTests */,
				04D501051B9268D10087BAFA /* Products */,
			);
			sourceTree = "<group>";
		};
		04D501051B9268D10087BAFA /* Products */ = {
			isa = PBXGroup;
			children = (
				04D501041B9268D10087BAFA /* testing.app */,
				04D501231B9268D10087BAFA /* testingTests.xctest */,
			);
			name = Products;
			sourceTree = "<group>";
		};
		04D501061B9268D10087BAFA /* testing */ = {
			isa = PBXGroup;
			children = (
				04D5010B1B9268D10087BAFA /* AppDelegate.h */,
				04D5010C1B9268D10087BAFA /* AppDelegate.m */,
				04D5010E1B9268D10087BAFA /* RootViewController.h */,
				04D5010F1B9268D10087BAFA /* RootViewController.m */,
				04D501111B9268D10087BAFA /* DataViewController.h */,
				04D501121B9268D10087BAFA /* DataViewController.m */,
				04D501141B9268D10087BAFA /* ModelController.h */,
				04D501151B9268D10087BAFA /* ModelController.m */,
				04D501171B9268D10087BAFA /* Main.storyboard */,
				04D5011A1B9268D10087BAFA /* Images.xcassets */,
				04D5011C1B9268D10087BAFA /* LaunchScreen.xib */,
				04D501071B9268D10087BAFA /* Supporting Files */,
			);
			path = testing;
			sourceTree = "<group>";
		};
		04D501071B9268D10087BAFA /* Supporting Files */ = {
			isa = PBXGroup;
			children = (
				04D501081B9268D10087BAFA /* Info.plist */,
				04D501091B9268D10087BAFA /* main.m */,
			);
			name = "Supporting Files";
			sourceTree = "<group>";
		};
		04D501261B9268D10087BAFA /* testingTests */ = {
			isa = PBXGroup;
			children = (
				04D501291B9268D10087BAFA /* testingTests.m */,
				04D501271B9268D10087BAFA /* Supporting Files */,
			);
			path = testingTests;
			sourceTree = "<group>";
		};
		04D501271B9268D10087BAFA /* Supporting Files */ = {
			isa = PBXGroup;
			children = (
				04D501281B9268D10087BAFA /* Info.plist */,
			);
			name = "Supporting Files";
			sourceTree = "<group>";
		};
/* End PBXGroup section */

/* Begin PBXNativeTarget section */
		04D501031B9268D10087BAFA /* testing */ = {
			isa = PBXNativeTarget;
			buildConfigurationList = 04D5012D1B9268D10087BAFA /* Build configuration list for PBXNativeTarget "testing" */;
			buildPhases = (
				04D501001B9268D10087BAFA /* Sources */,
				04D501011B9268D10087BAFA /* Frameworks */,
				04D501021B9268D10087BAFA /* Resources */,
			);
			buildRules = (
			);
			dependencies = (
			);
			name = testing;
			productName = testing;
			productReference = 04D501041B9268D10087BAFA /* testing.app */;
			productType = "com.apple.product-type.application";
		};
		04D501221B9268D10087BAFA /* testingTests */ = {
			isa = PBXNativeTarget;
			buildConfigurationList = 04D501301B9268D10087BAFA /* Build configuration list for PBXNativeTarget "testingTests" */;
			buildPhases = (
				04D5011F1B9268D10087BAFA /* Sources */,
				04D501201B9268D10087BAFA /* Frameworks */,
				04D501211B9268D10087BAFA /* Resources */,
			);
			buildRules = (
			);
			dependencies = (
				04D501251B9268D10087BAFA /* PBXTargetDependency */,
			);
			name = testingTests;
			productName = testingTests;
			productReference = 04D501231B9268D10087BAFA /* testingTests.xctest */;
			productType = "com.apple.product-type.bundle.unit-test";
		};
/* End PBXNativeTarget section */

/* Begin PBXProject section */
		04D500FC1B9268D10087BAFA /* Project object */ = {
			isa = PBXProject;
			attributes = {
				LastUpgradeCheck = 0630;
				ORGANIZATIONNAME = "Jack Connor";
				TargetAttributes = {
					04D501031B9268D10087BAFA = {
						CreatedOnToolsVersion = 6.3.2;
					};
					04D501221B9268D10087BAFA = {
						CreatedOnToolsVersion = 6.3.2;
						TestTargetID = 04D501031B9268D10087BAFA;
					};
				};
			};
			buildConfigurationList = 04D500FF1B9268D10087BAFA /* Build configuration list for PBXProject "testing" */;
			compatibilityVersion = "Xcode 3.2";
			developmentRegion = English;
			hasScannedForEncodings = 0;
			knownRegions = (
				en,
				Base,
			);
			mainGroup = 04D500FB1B9268D10087BAFA;
			productRefGroup = 04D501051B9268D10087BAFA /* Products */;
			projectDirPath = "";
			projectRoot = "";
			targets = (
				04D501031B9268D10087BAFA /* testing */,
				04D501221B9268D10087BAFA /* testingTests */,
			);
		};
/* End PBXProject section */

/* Begin PBXResourcesBuildPhase section */
		04D501021B9268D10087BAFA /* Resources */ = {
			isa = PBXResourcesBuildPhase;
			buildActionMask = 2147483647;
			files = (
				04D501191B9268D10087BAFA /* Main.storyboard in Resources */,
				04D5011E1B9268D10087BAFA /* LaunchScreen.xib in Resources */,
				04D5011B1B9268D10087BAFA /* Images.xcassets in Resources */,
			);
			runOnlyForDeploymentPostprocessing = 0;
		};
		04D501211B9268D10087BAFA /* Resources */ = {
			isa = PBXResourcesBuildPhase;
			buildActionMask = 2147483647;
			files = (
			);
			runOnlyForDeploymentPostprocessing = 0;
		};
/* End PBXResourcesBuildPhase section */

/* Begin PBXSourcesBuildPhase section */
		04D501001B9268D10087BAFA /* Sources */ = {
			isa = PBXSourcesBuildPhase;
			buildActionMask = 2147483647;
			files = (
				04D501131B9268D10087BAFA /* DataViewController.m in Sources */,
				04D5010D1B9268D10087BAFA /* AppDelegate.m in Sources */,
				04D501161B9268D10087BAFA /* ModelController.m in Sources */,
				04D5010A1B9268D10087BAFA /* main.m in Sources */,
				04D501101B9268D10087BAFA /* RootViewController.m in Sources */,
			);
			runOnlyForDeploymentPostprocessing = 0;
		};
		04D5011F1B9268D10087BAFA /* Sources */ = {
			isa = PBXSourcesBuildPhase;
			buildActionMask = 2147483647;
			files = (
				04D5012A1B9268D10087BAFA /* testingTests.m in Sources */,
			);
			runOnlyForDeploymentPostprocessing = 0;
		};
/* End PBXSourcesBuildPhase section */

/* Begin PBXTargetDependency section */
		04D501251B9268D10087BAFA /* PBXTargetDependency */ = {
			isa = PBXTargetDependency;
			target = 04D501031B9268D10087BAFA /* testing */;
			targetProxy = 04D501241B9268D10087BAFA /* PBXContainerItemProxy */;
		};
/* End PBXTargetDependency section */

/* Begin PBXVariantGroup section */
		04D501171B9268D10087BAFA /* Main.storyboard */ = {
			isa = PBXVariantGroup;
			children = (
				04D501181B9268D10087BAFA /* Base */,
			);
			name = Main.storyboard;
			sourceTree = "<group>";
		};
		04D5011C1B9268D10087BAFA /* LaunchScreen.xib */ = {
			isa = PBXVariantGroup;
			children = (
				04D5011D1B9268D10087BAFA /* Base */,
			);
			name = LaunchScreen.xib;
			sourceTree = "<group>";
		};
/* End PBXVariantGroup section */

/* Begin XCBuildConfiguration section */
		04D5012B1B9268D10087BAFA /* Debug */ = {
			isa = XCBuildConfiguration;
			buildSettings = {
				ALWAYS_SEARCH_USER_PATHS = NO;
				CLANG_CXX_LANGUAGE_STANDARD = "gnu++0x";
				CLANG_CXX_LIBRARY = "libc++";
				CLANG_ENABLE_MODULES = YES;
				CLANG_ENABLE_OBJC_ARC = YES;
				CLANG_WARN_BOOL_CONVERSION = YES;
				CLANG_WARN_CONSTANT_CONVERSION = YES;
				CLANG_WARN_DIRECT_OBJC_ISA_USAGE = YES_ERROR;
				CLANG_WARN_EMPTY_BODY = YES;
				CLANG_WARN_ENUM_CONVERSION = YES;
				CLANG_WARN_INT_CONVERSION = YES;
				CLANG_WARN_OBJC_ROOT_CLASS = YES_ERROR;
				CLANG_WARN_UNREACHABLE_CODE = YES;
				CLANG_WARN__DUPLICATE_METHOD_MATCH = YES;
				"CODE_SIGN_IDENTITY[sdk=iphoneos*]" = "iPhone Developer";
				COPY_PHASE_STRIP = NO;
				DEBUG_INFORMATION_FORMAT = "dwarf-with-dsym";
				ENABLE_STRICT_OBJC_MSGSEND = YES;
				GCC_C_LANGUAGE_STANDARD = gnu99;
				GCC_DYNAMIC_NO_PIC = NO;
				GCC_NO_COMMON_BLOCKS = YES;
				GCC_OPTIMIZATION_LEVEL = 0;
				GCC_PREPROCESSOR_DEFINITIONS = (
					"DEBUG=1",
					"$(inherited)",
				);
				GCC_SYMBOLS_PRIVATE_EXTERN = NO;
				GCC_WARN_64_TO_32_BIT_CONVERSION = YES;
				GCC_WARN_ABOUT_RETURN_TYPE = YES_ERROR;
				GCC_WARN_UNDECLARED_SELECTOR = YES;
				GCC_WARN_UNINITIALIZED_AUTOS = YES_AGGRESSIVE;
				GCC_WARN_UNUSED_FUNCTION = YES;
				GCC_WARN_UNUSED_VARIABLE = YES;
				IPHONEOS_DEPLOYMENT_TARGET = 8.3;
				MTL_ENABLE_DEBUG_INFO = YES;
				ONLY_ACTIVE_ARCH = YES;
				SDKROOT = iphoneos;
				TARGETED_DEVICE_FAMILY = "1,2";
			};
			name = Debug;
		};
		04D5012C1B9268D10087BAFA /* Release */ = {
			isa = XCBuildConfiguration;
			buildSettings = {
				ALWAYS_SEARCH_USER_PATHS = NO;
				CLANG_CXX_LANGUAGE_STANDARD = "gnu++0x";
				CLANG_CXX_LIBRARY = "libc++";
				CLANG_ENABLE_MODULES = YES;
				CLANG_ENABLE_OBJC_ARC = YES;
				CLANG_WARN_BOOL_CONVERSION = YES;
				CLANG_WARN_CONSTANT_CONVERSION = YES;
				CLANG_WARN_DIRECT_OBJC_ISA_USAGE = YES_ERROR;
				CLANG_WARN_EMPTY_BODY = YES;
				CLANG_WARN_ENUM_CONVERSION = YES;
				CLANG_WARN_INT_CONVERSION = YES;
				CLANG_WARN_OBJC_ROOT_CLASS = YES_ERROR;
				CLANG_WARN_UNREACHABLE_CODE = YES;
				CLANG_WARN__DUPLICATE_METHOD_MATCH = YES;
				"CODE_SIGN_IDENTITY[sdk=iphoneos*]" = "iPhone Developer";
				COPY_PHASE_STRIP = NO;
				DEBUG_INFORMATION_FORMAT = "dwarf-with-dsym";
				ENABLE_NS_ASSERTIONS = NO;
				ENABLE_STRICT_OBJC_MSGSEND = YES;
				GCC_C_LANGUAGE_STANDARD = gnu99;
				GCC_NO_COMMON_BLOCKS = YES;
				GCC_WARN_64_TO_32_BIT_CONVERSION = YES;
				GCC_WARN_ABOUT_RETURN_TYPE = YES_ERROR;
				GCC_WARN_UNDECLARED_SELECTOR = YES;
				GCC_WARN_UNINITIALIZED_AUTOS = YES_AGGRESSIVE;
				GCC_WARN_UNUSED_FUNCTION = YES;
				GCC_WARN_UNUSED_VARIABLE = YES;
				IPHONEOS_DEPLOYMENT_TARGET = 8.3;
				MTL_ENABLE_DEBUG_INFO = NO;
				SDKROOT = iphoneos;
				TARGETED_DEVICE_FAMILY = "1,2";
				VALIDATE_PRODUCT = YES;
			};
			name = Release;
		};
		04D5012E1B9268D10087BAFA /* Debug */ = {
			isa = XCBuildConfiguration;
			buildSettings = {
				ASSETCATALOG_COMPILER_APPICON_NAME = AppIcon;
				INFOPLIST_FILE = testing/Info.plist;
				LD_RUNPATH_SEARCH_PATHS = "$(inherited) @executable_path/Frameworks";
				PRODUCT_NAME = "$(TARGET_NAME)";
			};
			name = Debug;
		};
		04D5012F1B9268D10087BAFA /* Release */ = {
			isa = XCBuildConfiguration;
			buildSettings = {
				ASSETCATALOG_COMPILER_APPICON_NAME = AppIcon;
				INFOPLIST_FILE = testing/Info.plist;
				LD_RUNPATH_SEARCH_PATHS = "$(inherited) @executable_path/Frameworks";
				PRODUCT_NAME = "$(TARGET_NAME)";
			};
			name = Release;
		};
		04D501311B9268D10087BAFA /* Debug */ = {
			isa = XCBuildConfiguration;
			buildSettings = {
				BUNDLE_LOADER = "$(TEST_HOST)";
				FRAMEWORK_SEARCH_PATHS = (
					"$(SDKROOT)/Developer/Library/Frameworks",
					"$(inherited)",
				);
				GCC_PREPROCESSOR_DEFINITIONS = (
					"DEBUG=1",
					"$(inherited)",
				);
				INFOPLIST_FILE = testingTests/Info.plist;
				LD_RUNPATH_SEARCH_PATHS = "$(inherited) @executable_path/Frameworks @loader_path/Frameworks";
				PRODUCT_NAME = "$(TARGET_NAME)";
				TEST_HOST = "$(BUILT_PRODUCTS_DIR)/testing.app/testing";
			};
			name = Debug;
		};
		04D501321B9268D10087BAFA /* Release */ = {
			isa = XCBuildConfiguration;
			buildSettings = {
				BUNDLE_LOADER = "$(TEST_HOST)";
				FRAMEWORK_SEARCH_PATHS = (
					"$(SDKROOT)/Developer/Library/Frameworks",
					"$(inherited)",
				);
				INFOPLIST_FILE = testingTests/Info.plist;
				LD_RUNPATH_SEARCH_PATHS = "$(inherited) @executable_path/Frameworks @loader_path/Frameworks";
				PRODUCT_NAME = "$(TARGET_NAME)";
				TEST_HOST = "$(BUILT_PRODUCTS_DIR)/testing.app/testing";
			};
			name = Release;
		};
/* End XCBuildConfiguration section */

/* Begin XCConfigurationList section */
		04D500FF1B9268D10087BAFA /* Build configuration list for PBXProject "testing" */ = {
			isa = XCConfigurationList;
			buildConfigurations = (
				04D5012B1B9268D10087BAFA /* Debug */,
				04D5012C1B9268D10087BAFA /* Release */,
			);
			defaultConfigurationIsVisible = 0;
			defaultConfigurationName = Release;
		};
		04D5012D1B9268D10087BAFA /* Build configuration list for PBXNativeTarget "testing" */ = {
			isa = XCConfigurationList;
			buildConfigurations = (
				04D5012E1B9268D10087BAFA /* Debug */,
				04D5012F1B9268D10087BAFA /* Release */,
			);
			defaultConfigurationIsVisible = 0;
		};
		04D501301B9268D10087BAFA /* Build configuration list for PBXNativeTarget "testingTests" */ = {
			isa = XCConfigurationList;
			buildConfigurations = (
				04D501311B9268D10087BAFA /* Debug */,
				04D501321B9268D10087BAFA /* Release */,
			);
			defaultConfigurationIsVisible = 0;
		};
/* End XCConfigurationList section */
	};
	rootObject = 04D500FC1B9268D10087BAFA /* Project object */;
}
